
Microsoft Visual Studio Solution File, Format Version 12.00
# Visual Studio 15
VisualStudioVersion = 15.0.27703.2035
MinimumVisualStudioVersion = 10.0.40219.1
Project("{FAE04EC0-301F-11D3-BF4B-00C04F79EFBC}") = "SebastianAgata12345", "SebastianAgata12345\SebastianAgata12345.csproj", "{1D666080-2CEB-43F5-B768-347A1E985AA8}"
EndProject
Project("{FAE04EC0-301F-11D3-BF4B-00C04F79EFBC}") = "Zadanie1_1", "Zadanie1_1\Zadanie1_1.csproj", "{550C517A-06B1-489A-B3C7-63251D09EDC9}"
EndProject
Project("{FAE04EC0-301F-11D3-BF4B-00C04F79EFBC}") = "Zad1_2", "Zad1_2\Zad1_2.csproj", "{57F24010-022D-4B5E-B0CB-E1692A34A430}"
EndProject
Project("{FAE04EC0-301F-11D3-BF4B-00C04F79EFBC}") = "Zad1_3", "Zad1_3\Zad1_3.csproj", "{8A28A7D6-51CA-4FB4-AFFA-A6ECE7BB7589}"
EndProject
Project("{FAE04EC0-301F-11D3-BF4B-00C04F79EFBC}") = "Zad1_4", "Zad1_4\Zad1_4.csproj", "{3779C4A8-86E9-4240-A501-3334D2571E4F}"
EndProject
Project("{FAE04EC0-301F-11D3-BF4B-00C04F79EFBC}") = "Zad1_5", "Zad1_5\Zad1_5.csproj", "{27FCF346-A394-4AD8-8ED6-F4E5472B73A5}"
EndProject
Project("{FAE04EC0-301F-11D3-BF4B-00C04F79EFBC}") = "Zad1_6", "Zad1_6\Zad1_6.csproj", "{5FCB62AE-22A3-45FF-B206-58E2A5387367}"
EndProject
Global
	GlobalSection(SolutionConfigurationPlatforms) = preSolution
		Debug|Any CPU = Debug|Any CPU
		Release|Any CPU = Release|Any CPU
	EndGlobalSection
	GlobalSection(ProjectConfigurationPlatforms) = postSolution
		{1D666080-2CEB-43F5-B768-347A1E985AA8}.Debug|Any CPU.ActiveCfg = Debug|Any CPU
		{1D666080-2CEB-43F5-B768-347A1E985AA8}.Debug|Any CPU.Build.0 = Debug|Any CPU
		{1D666080-2CEB-43F5-B768-347A1E985AA8}.Release|Any CPU.ActiveCfg = Release|Any CPU
		{1D666080-2CEB-43F5-B768-347A1E985AA8}.Release|Any CPU.Build.0 = Release|Any CPU
		{550C517A-06B1-489A-B3C7-63251D09EDC9}.Debug|Any CPU.ActiveCfg = Debug|Any CPU
		{550C517A-06B1-489A-B3C7-63251D09EDC9}.Debug|Any CPU.Build.0 = Debug|Any CPU
		{550C517A-06B1-489A-B3C7-63251D09EDC9}.Release|Any CPU.ActiveCfg = Release|Any CPU
		{550C517A-06B1-489A-B3C7-63251D09EDC9}.Release|Any CPU.Build.0 = Release|Any CPU
		{57F24010-022D-4B5E-B0CB-E1692A34A430}.Debug|Any CPU.ActiveCfg = Debug|Any CPU
		{57F24010-022D-4B5E-B0CB-E1692A34A430}.Debug|Any CPU.Build.0 = Debug|Any CPU
		{57F24010-022D-4B5E-B0CB-E1692A34A430}.Release|Any CPU.ActiveCfg = Release|Any CPU
		{57F24010-022D-4B5E-B0CB-E1692A34A430}.Release|Any CPU.Build.0 = Release|Any CPU
		{8A28A7D6-51CA-4FB4-AFFA-A6ECE7BB7589}.Debug|Any CPU.ActiveCfg = Debug|Any CPU
		{8A28A7D6-51CA-4FB4-AFFA-A6ECE7BB7589}.Debug|Any CPU.Build.0 = Debug|Any CPU
		{8A28A7D6-51CA-4FB4-AFFA-A6ECE7BB7589}.Release|Any CPU.ActiveCfg = Release|Any CPU
		{8A28A7D6-51CA-4FB4-AFFA-A6ECE7BB7589}.Release|Any CPU.Build.0 = Release|Any CPU
		{3779C4A8-86E9-4240-A501-3334D2571E4F}.Debug|Any CPU.ActiveCfg = Debug|Any CPU
		{3779C4A8-86E9-4240-A501-3334D2571E4F}.Debug|Any CPU.Build.0 = Debug|Any CPU
		{3779C4A8-86E9-4240-A501-3334D2571E4F}.Release|Any CPU.ActiveCfg = Release|Any CPU
		{3779C4A8-86E9-4240-A501-3334D2571E4F}.Release|Any CPU.Build.0 = Release|Any CPU
		{27FCF346-A394-4AD8-8ED6-F4E5472B73A5}.Debug|Any CPU.ActiveCfg = Debug|Any CPU
		{27FCF346-A394-4AD8-8ED6-F4E5472B73A5}.Debug|Any CPU.Build.0 = Debug|Any CPU
		{27FCF346-A394-4AD8-8ED6-F4E5472B73A5}.Release|Any CPU.ActiveCfg = Release|Any CPU
		{27FCF346-A394-4AD8-8ED6-F4E5472B73A5}.Release|Any CPU.Build.0 = Release|Any CPU
		{5FCB62AE-22A3-45FF-B206-58E2A5387367}.Debug|Any CPU.ActiveCfg = Debug|Any CPU
		{5FCB62AE-22A3-45FF-B206-58E2A5387367}.Debug|Any CPU.Build.0 = Debug|Any CPU
		{5FCB62AE-22A3-45FF-B206-58E2A5387367}.Release|Any CPU.ActiveCfg = Release|Any CPU
		{5FCB62AE-22A3-45FF-B206-58E2A5387367}.Release|Any CPU.Build.0 = Release|Any CPU
	EndGlobalSection
	GlobalSection(SolutionProperties) = preSolution
		HideSolutionNode = FALSE
	EndGlobalSection
	GlobalSection(ExtensibilityGlobals) = postSolution
		SolutionGuid = {AFAC9611-8565-45CE-B04A-DE109732C3A3}
	EndGlobalSection
EndGlobal
